
Microsoft Visual Studio Solution File, Format Version 12.00
# Visual Studio Version 17
VisualStudioVersion = 17.6.33829.357
MinimumVisualStudioVersion = 10.0.40219.1
Project("{9A19103F-16F7-4668-BE54-9A1E7A4F7556}") = "RetirementHome.FitDataConnector", "RetirementHome.FitDataConnector\RetirementHome.FitDataConnector.csproj", "{E393F8A2-D779-43DF-97E7-73A03235CBE4}"
EndProject
Project("{2150E333-8FDC-42A3-9474-1A3956D46DE8}") = "Solution Items", "Solution Items", "{EC8AED42-70F2-4CC8-851D-D2C47D9339D1}"
	ProjectSection(SolutionItems) = preProject
		DataSourcesFromPlayground.json = DataSourcesFromPlayground.json
		Architecture.mmd = Architecture.mmd
		README.md = README.md
		RequestBodyAggregate4DaysOfSteps.json = RequestBodyAggregate4DaysOfSteps.json
	EndProjectSection
EndProject
Project("{9A19103F-16F7-4668-BE54-9A1E7A4F7556}") = "RetirementHome.Functions", "RetirementHome.Functions\RetirementHome.Functions.csproj", "{3093B5D8-9291-43F0-8113-99FEBF2671D9}"
EndProject
Global
	GlobalSection(SolutionConfigurationPlatforms) = preSolution
		Debug|Any CPU = Debug|Any CPU
		Release|Any CPU = Release|Any CPU
	EndGlobalSection
	GlobalSection(ProjectConfigurationPlatforms) = postSolution
		{E393F8A2-D779-43DF-97E7-73A03235CBE4}.Debug|Any CPU.ActiveCfg = Debug|Any CPU
		{E393F8A2-D779-43DF-97E7-73A03235CBE4}.Debug|Any CPU.Build.0 = Debug|Any CPU
		{E393F8A2-D779-43DF-97E7-73A03235CBE4}.Release|Any CPU.ActiveCfg = Release|Any CPU
		{E393F8A2-D779-43DF-97E7-73A03235CBE4}.Release|Any CPU.Build.0 = Release|Any CPU
		{3093B5D8-9291-43F0-8113-99FEBF2671D9}.Debug|Any CPU.ActiveCfg = Debug|Any CPU
		{3093B5D8-9291-43F0-8113-99FEBF2671D9}.Debug|Any CPU.Build.0 = Debug|Any CPU
		{3093B5D8-9291-43F0-8113-99FEBF2671D9}.Release|Any CPU.ActiveCfg = Release|Any CPU
		{3093B5D8-9291-43F0-8113-99FEBF2671D9}.Release|Any CPU.Build.0 = Release|Any CPU
	EndGlobalSection
	GlobalSection(SolutionProperties) = preSolution
		HideSolutionNode = FALSE
	EndGlobalSection
	GlobalSection(ExtensibilityGlobals) = postSolution
		SolutionGuid = {F155005E-2E72-417B-A9E3-51DD61C81BFB}
	EndGlobalSection
EndGlobal
