
Microsoft Visual Studio Solution File, Format Version 12.00
# Visual Studio Version 17
VisualStudioVersion = 17.6.33829.357
MinimumVisualStudioVersion = 10.0.40219.1
Project("{9A19103F-16F7-4668-BE54-9A1E7A4F7556}") = "RetirementHome.FitDataConnector", "RetirementHome.FitDataConnector\RetirementHome.FitDataConnector.csproj", "{E393F8A2-D779-43DF-97E7-73A03235CBE4}"
EndProject
Project("{2150E333-8FDC-42A3-9474-1A3956D46DE8}") = "Solution Items", "Solution Items", "{EC8AED42-70F2-4CC8-851D-D2C47D9339D1}"
	ProjectSection(SolutionItems) = preProject
		Architecture.mmd = Architecture.mmd
		DataSourcesFromPlayground.json = DataSourcesFromPlayground.json
		README.md = README.md
		RequestBodyAggregate4DaysOfSteps.json = RequestBodyAggregate4DaysOfSteps.json
	EndProjectSection
EndProject
Project("{9A19103F-16F7-4668-BE54-9A1E7A4F7556}") = "RetirementHome.Functions", "RetirementHome.Functions\RetirementHome.Functions.csproj", "{3093B5D8-9291-43F0-8113-99FEBF2671D9}"
EndProject
Project("{9A19103F-16F7-4668-BE54-9A1E7A4F7556}") = "RetirementHome.ServiceBus.Sender", "RetirementHome.ServiceBus.Sender\RetirementHome.ServiceBus.Sender.csproj", "{B20D9114-8636-428D-BD9E-E9BDA8CEE15E}"
EndProject
Project("{9A19103F-16F7-4668-BE54-9A1E7A4F7556}") = "RetirementHome.Connectors", "RetirementHome.Connectors\RetirementHome.Connectors.csproj", "{73C52862-A78C-4F85-9DBC-3820FF43BFD2}"
EndProject
Project("{9A19103F-16F7-4668-BE54-9A1E7A4F7556}") = "RetirementHome.ServiceBus.Reciever", "RetirementHome.ServiceBus.Reciever\RetirementHome.ServiceBus.Reciever.csproj", "{370B3163-8B59-439C-989C-DD6952AB457A}"
EndProject
Project("{9A19103F-16F7-4668-BE54-9A1E7A4F7556}") = "RetirementHome.WebDashboard", "RetirementHome.WebDashboard\RetirementHome.WebDashboard.csproj", "{0F5CEAA3-4002-4AC1-A48A-45FC2ECDDBAB}"
EndProject
Global
	GlobalSection(SolutionConfigurationPlatforms) = preSolution
		Debug|Any CPU = Debug|Any CPU
		Release|Any CPU = Release|Any CPU
	EndGlobalSection
	GlobalSection(ProjectConfigurationPlatforms) = postSolution
		{E393F8A2-D779-43DF-97E7-73A03235CBE4}.Debug|Any CPU.ActiveCfg = Debug|Any CPU
		{E393F8A2-D779-43DF-97E7-73A03235CBE4}.Debug|Any CPU.Build.0 = Debug|Any CPU
		{E393F8A2-D779-43DF-97E7-73A03235CBE4}.Release|Any CPU.ActiveCfg = Release|Any CPU
		{E393F8A2-D779-43DF-97E7-73A03235CBE4}.Release|Any CPU.Build.0 = Release|Any CPU
		{3093B5D8-9291-43F0-8113-99FEBF2671D9}.Debug|Any CPU.ActiveCfg = Debug|Any CPU
		{3093B5D8-9291-43F0-8113-99FEBF2671D9}.Debug|Any CPU.Build.0 = Debug|Any CPU
		{3093B5D8-9291-43F0-8113-99FEBF2671D9}.Release|Any CPU.ActiveCfg = Release|Any CPU
		{3093B5D8-9291-43F0-8113-99FEBF2671D9}.Release|Any CPU.Build.0 = Release|Any CPU
		{B20D9114-8636-428D-BD9E-E9BDA8CEE15E}.Debug|Any CPU.ActiveCfg = Debug|Any CPU
		{B20D9114-8636-428D-BD9E-E9BDA8CEE15E}.Debug|Any CPU.Build.0 = Debug|Any CPU
		{B20D9114-8636-428D-BD9E-E9BDA8CEE15E}.Release|Any CPU.ActiveCfg = Release|Any CPU
		{B20D9114-8636-428D-BD9E-E9BDA8CEE15E}.Release|Any CPU.Build.0 = Release|Any CPU
		{73C52862-A78C-4F85-9DBC-3820FF43BFD2}.Debug|Any CPU.ActiveCfg = Debug|Any CPU
		{73C52862-A78C-4F85-9DBC-3820FF43BFD2}.Debug|Any CPU.Build.0 = Debug|Any CPU
		{73C52862-A78C-4F85-9DBC-3820FF43BFD2}.Release|Any CPU.ActiveCfg = Release|Any CPU
		{73C52862-A78C-4F85-9DBC-3820FF43BFD2}.Release|Any CPU.Build.0 = Release|Any CPU
		{370B3163-8B59-439C-989C-DD6952AB457A}.Debug|Any CPU.ActiveCfg = Debug|Any CPU
		{370B3163-8B59-439C-989C-DD6952AB457A}.Debug|Any CPU.Build.0 = Debug|Any CPU
		{370B3163-8B59-439C-989C-DD6952AB457A}.Release|Any CPU.ActiveCfg = Release|Any CPU
		{370B3163-8B59-439C-989C-DD6952AB457A}.Release|Any CPU.Build.0 = Release|Any CPU
		{0F5CEAA3-4002-4AC1-A48A-45FC2ECDDBAB}.Debug|Any CPU.ActiveCfg = Debug|Any CPU
		{0F5CEAA3-4002-4AC1-A48A-45FC2ECDDBAB}.Debug|Any CPU.Build.0 = Debug|Any CPU
		{0F5CEAA3-4002-4AC1-A48A-45FC2ECDDBAB}.Release|Any CPU.ActiveCfg = Release|Any CPU
		{0F5CEAA3-4002-4AC1-A48A-45FC2ECDDBAB}.Release|Any CPU.Build.0 = Release|Any CPU
	EndGlobalSection
	GlobalSection(SolutionProperties) = preSolution
		HideSolutionNode = FALSE
	EndGlobalSection
	GlobalSection(ExtensibilityGlobals) = postSolution
		SolutionGuid = {F155005E-2E72-417B-A9E3-51DD61C81BFB}
	EndGlobalSection
EndGlobal
